// !$*UTF8*$!
{
	archiveVersion = 1;
	classes = {
	};
	objectVersion = 46;
	objects = {

/* Begin PBXBuildFile section */
		D978B2A11D7AC56C00EC5301 /* AppDelegate.swift in Sources */ = {isa = PBXBuildFile; fileRef = D978B2A01D7AC56C00EC5301 /* AppDelegate.swift */; };
		D978B2A31D7AC56C00EC5301 /* ViewController.swift in Sources */ = {isa = PBXBuildFile; fileRef = D978B2A21D7AC56C00EC5301 /* ViewController.swift */; };
		D978B2A61D7AC56C00EC5301 /* Main.storyboard in Resources */ = {isa = PBXBuildFile; fileRef = D978B2A41D7AC56C00EC5301 /* Main.storyboard */; };
		D978B2A81D7AC56C00EC5301 /* Assets.xcassets in Resources */ = {isa = PBXBuildFile; fileRef = D978B2A71D7AC56C00EC5301 /* Assets.xcassets */; };
		D978B2AB1D7AC56C00EC5301 /* LaunchScreen.storyboard in Resources */ = {isa = PBXBuildFile; fileRef = D978B2A91D7AC56C00EC5301 /* LaunchScreen.storyboard */; };
		D978B2B61D7AC56C00EC5301 /* i100Tests.swift in Sources */ = {isa = PBXBuildFile; fileRef = D978B2B51D7AC56C00EC5301 /* i100Tests.swift */; };
		D978B2C11D7AC56C00EC5301 /* i100UITests.swift in Sources */ = {isa = PBXBuildFile; fileRef = D978B2C01D7AC56C00EC5301 /* i100UITests.swift */; };
		D978B2D21D7AC72200EC5301 /* Chessboard+Extension.swift in Sources */ = {isa = PBXBuildFile; fileRef = D978B2D11D7AC72200EC5301 /* Chessboard+Extension.swift */; };
		D978B2D31D7AC72200EC5301 /* Chessboard+Extension.swift in Sources */ = {isa = PBXBuildFile; fileRef = D978B2D11D7AC72200EC5301 /* Chessboard+Extension.swift */; };
		D978B2D41D7AC72200EC5301 /* Chessboard+Extension.swift in Sources */ = {isa = PBXBuildFile; fileRef = D978B2D11D7AC72200EC5301 /* Chessboard+Extension.swift */; };
		D978B2D51D7AC7FC00EC5301 /* ViewController.swift in Sources */ = {isa = PBXBuildFile; fileRef = D978B2A21D7AC56C00EC5301 /* ViewController.swift */; };
		D978B2D61D7AC7FC00EC5301 /* ViewController.swift in Sources */ = {isa = PBXBuildFile; fileRef = D978B2A21D7AC56C00EC5301 /* ViewController.swift */; };
/* End PBXBuildFile section */

/* Begin PBXContainerItemProxy section */
		D978B2B21D7AC56C00EC5301 /* PBXContainerItemProxy */ = {
			isa = PBXContainerItemProxy;
			containerPortal = D978B2951D7AC56C00EC5301 /* Project object */;
			proxyType = 1;
			remoteGlobalIDString = D978B29C1D7AC56C00EC5301;
			remoteInfo = i100;
		};
		D978B2BD1D7AC56C00EC5301 /* PBXContainerItemProxy */ = {
			isa = PBXContainerItemProxy;
			containerPortal = D978B2951D7AC56C00EC5301 /* Project object */;
			proxyType = 1;
			remoteGlobalIDString = D978B29C1D7AC56C00EC5301;
			remoteInfo = i100;
		};
/* End PBXContainerItemProxy section */

/* Begin PBXFileReference section */
		D978B29D1D7AC56C00EC5301 /* i100.app */ = {isa = PBXFileReference; explicitFileType = wrapper.application; includeInIndex = 0; path = i100.app; sourceTree = BUILT_PRODUCTS_DIR; };
		D978B2A01D7AC56C00EC5301 /* AppDelegate.swift */ = {isa = PBXFileReference; lastKnownFileType = sourcecode.swift; path = AppDelegate.swift; sourceTree = "<group>"; };
		D978B2A21D7AC56C00EC5301 /* ViewController.swift */ = {isa = PBXFileReference; lastKnownFileType = sourcecode.swift; path = ViewController.swift; sourceTree = "<group>"; };
		D978B2A51D7AC56C00EC5301 /* Base */ = {isa = PBXFileReference; lastKnownFileType = file.storyboard; name = Base; path = Base.lproj/Main.storyboard; sourceTree = "<group>"; };
		D978B2A71D7AC56C00EC5301 /* Assets.xcassets */ = {isa = PBXFileReference; lastKnownFileType = folder.assetcatalog; path = Assets.xcassets; sourceTree = "<group>"; };
		D978B2AA1D7AC56C00EC5301 /* Base */ = {isa = PBXFileReference; lastKnownFileType = file.storyboard; name = Base; path = Base.lproj/LaunchScreen.storyboard; sourceTree = "<group>"; };
		D978B2AC1D7AC56C00EC5301 /* Info.plist */ = {isa = PBXFileReference; lastKnownFileType = text.plist.xml; path = Info.plist; sourceTree = "<group>"; };
		D978B2B11D7AC56C00EC5301 /* i100Tests.xctest */ = {isa = PBXFileReference; explicitFileType = wrapper.cfbundle; includeInIndex = 0; path = i100Tests.xctest; sourceTree = BUILT_PRODUCTS_DIR; };
		D978B2B51D7AC56C00EC5301 /* i100Tests.swift */ = {isa = PBXFileReference; lastKnownFileType = sourcecode.swift; path = i100Tests.swift; sourceTree = "<group>"; };
		D978B2B71D7AC56C00EC5301 /* Info.plist */ = {isa = PBXFileReference; lastKnownFileType = text.plist.xml; path = Info.plist; sourceTree = "<group>"; };
		D978B2BC1D7AC56C00EC5301 /* i100UITests.xctest */ = {isa = PBXFileReference; explicitFileType = wrapper.cfbundle; includeInIndex = 0; path = i100UITests.xctest; sourceTree = BUILT_PRODUCTS_DIR; };
		D978B2C01D7AC56C00EC5301 /* i100UITests.swift */ = {isa = PBXFileReference; lastKnownFileType = sourcecode.swift; path = i100UITests.swift; sourceTree = "<group>"; };
		D978B2C21D7AC56C00EC5301 /* Info.plist */ = {isa = PBXFileReference; lastKnownFileType = text.plist.xml; path = Info.plist; sourceTree = "<group>"; };
		D978B2D11D7AC72200EC5301 /* Chessboard+Extension.swift */ = {isa = PBXFileReference; fileEncoding = 4; lastKnownFileType = sourcecode.swift; path = "Chessboard+Extension.swift"; sourceTree = "<group>"; };
/* End PBXFileReference section */

/* Begin PBXFrameworksBuildPhase section */
		D978B29A1D7AC56C00EC5301 /* Frameworks */ = {
			isa = PBXFrameworksBuildPhase;
			buildActionMask = 2147483647;
			files = (
			);
			runOnlyForDeploymentPostprocessing = 0;
		};
		D978B2AE1D7AC56C00EC5301 /* Frameworks */ = {
			isa = PBXFrameworksBuildPhase;
			buildActionMask = 2147483647;
			files = (
			);
			runOnlyForDeploymentPostprocessing = 0;
		};
		D978B2B91D7AC56C00EC5301 /* Frameworks */ = {
			isa = PBXFrameworksBuildPhase;
			buildActionMask = 2147483647;
			files = (
			);
			runOnlyForDeploymentPostprocessing = 0;
		};
/* End PBXFrameworksBuildPhase section */

/* Begin PBXGroup section */
		D978B2941D7AC56C00EC5301 = {
			isa = PBXGroup;
			children = (
				D978B29F1D7AC56C00EC5301 /* i100 */,
				D978B2B41D7AC56C00EC5301 /* i100Tests */,
				D978B2BF1D7AC56C00EC5301 /* i100UITests */,
				D978B29E1D7AC56C00EC5301 /* Products */,
			);
			sourceTree = "<group>";
		};
		D978B29E1D7AC56C00EC5301 /* Products */ = {
			isa = PBXGroup;
			children = (
				D978B29D1D7AC56C00EC5301 /* i100.app */,
				D978B2B11D7AC56C00EC5301 /* i100Tests.xctest */,
				D978B2BC1D7AC56C00EC5301 /* i100UITests.xctest */,
			);
			name = Products;
			sourceTree = "<group>";
		};
		D978B29F1D7AC56C00EC5301 /* i100 */ = {
			isa = PBXGroup;
			children = (
				D978B2CE1D7AC6F100EC5301 /* chessboard */,
				D978B2A01D7AC56C00EC5301 /* AppDelegate.swift */,
				D978B2A41D7AC56C00EC5301 /* Main.storyboard */,
				D978B2A71D7AC56C00EC5301 /* Assets.xcassets */,
				D978B2A91D7AC56C00EC5301 /* LaunchScreen.storyboard */,
				D978B2AC1D7AC56C00EC5301 /* Info.plist */,
			);
			path = i100;
			sourceTree = "<group>";
		};
		D978B2B41D7AC56C00EC5301 /* i100Tests */ = {
			isa = PBXGroup;
			children = (
				D978B2B51D7AC56C00EC5301 /* i100Tests.swift */,
				D978B2B71D7AC56C00EC5301 /* Info.plist */,
			);
			path = i100Tests;
			sourceTree = "<group>";
		};
		D978B2BF1D7AC56C00EC5301 /* i100UITests */ = {
			isa = PBXGroup;
			children = (
				D978B2C01D7AC56C00EC5301 /* i100UITests.swift */,
				D978B2C21D7AC56C00EC5301 /* Info.plist */,
			);
			path = i100UITests;
			sourceTree = "<group>";
		};
		D978B2CE1D7AC6F100EC5301 /* chessboard */ = {
			isa = PBXGroup;
			children = (
				D978B2D01D7AC70400EC5301 /* View */,
				D978B2CF1D7AC6FA00EC5301 /* ViewController */,
			);
			name = chessboard;
			sourceTree = "<group>";
		};
		D978B2CF1D7AC6FA00EC5301 /* ViewController */ = {
			isa = PBXGroup;
			children = (
				D978B2A21D7AC56C00EC5301 /* ViewController.swift */,
				D978B2D11D7AC72200EC5301 /* Chessboard+Extension.swift */,
			);
			name = ViewController;
			sourceTree = "<group>";
		};
		D978B2D01D7AC70400EC5301 /* View */ = {
			isa = PBXGroup;
			children = (
			);
			name = View;
			sourceTree = "<group>";
		};
/* End PBXGroup section */

/* Begin PBXNativeTarget section */
		D978B29C1D7AC56C00EC5301 /* i100 */ = {
			isa = PBXNativeTarget;
			buildConfigurationList = D978B2C51D7AC56C00EC5301 /* Build configuration list for PBXNativeTarget "i100" */;
			buildPhases = (
				D978B2991D7AC56C00EC5301 /* Sources */,
				D978B29A1D7AC56C00EC5301 /* Frameworks */,
				D978B29B1D7AC56C00EC5301 /* Resources */,
			);
			buildRules = (
			);
			dependencies = (
			);
			name = i100;
			productName = i100;
			productReference = D978B29D1D7AC56C00EC5301 /* i100.app */;
			productType = "com.apple.product-type.application";
		};
		D978B2B01D7AC56C00EC5301 /* i100Tests */ = {
			isa = PBXNativeTarget;
			buildConfigurationList = D978B2C81D7AC56C00EC5301 /* Build configuration list for PBXNativeTarget "i100Tests" */;
			buildPhases = (
				D978B2AD1D7AC56C00EC5301 /* Sources */,
				D978B2AE1D7AC56C00EC5301 /* Frameworks */,
				D978B2AF1D7AC56C00EC5301 /* Resources */,
			);
			buildRules = (
			);
			dependencies = (
				D978B2B31D7AC56C00EC5301 /* PBXTargetDependency */,
			);
			name = i100Tests;
			productName = i100Tests;
			productReference = D978B2B11D7AC56C00EC5301 /* i100Tests.xctest */;
			productType = "com.apple.product-type.bundle.unit-test";
		};
		D978B2BB1D7AC56C00EC5301 /* i100UITests */ = {
			isa = PBXNativeTarget;
			buildConfigurationList = D978B2CB1D7AC56C00EC5301 /* Build configuration list for PBXNativeTarget "i100UITests" */;
			buildPhases = (
				D978B2B81D7AC56C00EC5301 /* Sources */,
				D978B2B91D7AC56C00EC5301 /* Frameworks */,
				D978B2BA1D7AC56C00EC5301 /* Resources */,
			);
			buildRules = (
			);
			dependencies = (
				D978B2BE1D7AC56C00EC5301 /* PBXTargetDependency */,
			);
			name = i100UITests;
			productName = i100UITests;
			productReference = D978B2BC1D7AC56C00EC5301 /* i100UITests.xctest */;
			productType = "com.apple.product-type.bundle.ui-testing";
		};
/* End PBXNativeTarget section */

/* Begin PBXProject section */
		D978B2951D7AC56C00EC5301 /* Project object */ = {
			isa = PBXProject;
			attributes = {
				LastSwiftUpdateCheck = 0800;
				LastUpgradeCheck = 0800;
				ORGANIZATIONNAME = "Alessio Roberto";
				TargetAttributes = {
					D978B29C1D7AC56C00EC5301 = {
						CreatedOnToolsVersion = 8.0;
						DevelopmentTeam = GK5S624D99;
						ProvisioningStyle = Automatic;
					};
					D978B2B01D7AC56C00EC5301 = {
						CreatedOnToolsVersion = 8.0;
						DevelopmentTeam = GK5S624D99;
						ProvisioningStyle = Automatic;
						TestTargetID = D978B29C1D7AC56C00EC5301;
					};
					D978B2BB1D7AC56C00EC5301 = {
						CreatedOnToolsVersion = 8.0;
						DevelopmentTeam = GK5S624D99;
						ProvisioningStyle = Automatic;
						TestTargetID = D978B29C1D7AC56C00EC5301;
					};
				};
			};
			buildConfigurationList = D978B2981D7AC56C00EC5301 /* Build configuration list for PBXProject "i100" */;
			compatibilityVersion = "Xcode 3.2";
			developmentRegion = English;
			hasScannedForEncodings = 0;
			knownRegions = (
				en,
				Base,
			);
			mainGroup = D978B2941D7AC56C00EC5301;
			productRefGroup = D978B29E1D7AC56C00EC5301 /* Products */;
			projectDirPath = "";
			projectRoot = "";
			targets = (
				D978B29C1D7AC56C00EC5301 /* i100 */,
				D978B2B01D7AC56C00EC5301 /* i100Tests */,
				D978B2BB1D7AC56C00EC5301 /* i100UITests */,
			);
		};
/* End PBXProject section */

/* Begin PBXResourcesBuildPhase section */
		D978B29B1D7AC56C00EC5301 /* Resources */ = {
			isa = PBXResourcesBuildPhase;
			buildActionMask = 2147483647;
			files = (
				D978B2AB1D7AC56C00EC5301 /* LaunchScreen.storyboard in Resources */,
				D978B2A81D7AC56C00EC5301 /* Assets.xcassets in Resources */,
				D978B2A61D7AC56C00EC5301 /* Main.storyboard in Resources */,
			);
			runOnlyForDeploymentPostprocessing = 0;
		};
		D978B2AF1D7AC56C00EC5301 /* Resources */ = {
			isa = PBXResourcesBuildPhase;
			buildActionMask = 2147483647;
			files = (
			);
			runOnlyForDeploymentPostprocessing = 0;
		};
		D978B2BA1D7AC56C00EC5301 /* Resources */ = {
			isa = PBXResourcesBuildPhase;
			buildActionMask = 2147483647;
			files = (
			);
			runOnlyForDeploymentPostprocessing = 0;
		};
/* End PBXResourcesBuildPhase section */

/* Begin PBXSourcesBuildPhase section */
		D978B2991D7AC56C00EC5301 /* Sources */ = {
			isa = PBXSourcesBuildPhase;
			buildActionMask = 2147483647;
			files = (
				D978B2A31D7AC56C00EC5301 /* ViewController.swift in Sources */,
				D978B2A11D7AC56C00EC5301 /* AppDelegate.swift in Sources */,
				D978B2D21D7AC72200EC5301 /* Chessboard+Extension.swift in Sources */,
			);
			runOnlyForDeploymentPostprocessing = 0;
		};
		D978B2AD1D7AC56C00EC5301 /* Sources */ = {
			isa = PBXSourcesBuildPhase;
			buildActionMask = 2147483647;
			files = (
				D978B2D51D7AC7FC00EC5301 /* ViewController.swift in Sources */,
				D978B2B61D7AC56C00EC5301 /* i100Tests.swift in Sources */,
				D978B2D31D7AC72200EC5301 /* Chessboard+Extension.swift in Sources */,
			);
			runOnlyForDeploymentPostprocessing = 0;
		};
		D978B2B81D7AC56C00EC5301 /* Sources */ = {
			isa = PBXSourcesBuildPhase;
			buildActionMask = 2147483647;
			files = (
				D978B2D61D7AC7FC00EC5301 /* ViewController.swift in Sources */,
				D978B2C11D7AC56C00EC5301 /* i100UITests.swift in Sources */,
				D978B2D41D7AC72200EC5301 /* Chessboard+Extension.swift in Sources */,
			);
			runOnlyForDeploymentPostprocessing = 0;
		};
/* End PBXSourcesBuildPhase section */

/* Begin PBXTargetDependency section */
		D978B2B31D7AC56C00EC5301 /* PBXTargetDependency */ = {
			isa = PBXTargetDependency;
			target = D978B29C1D7AC56C00EC5301 /* i100 */;
			targetProxy = D978B2B21D7AC56C00EC5301 /* PBXContainerItemProxy */;
		};
		D978B2BE1D7AC56C00EC5301 /* PBXTargetDependency */ = {
			isa = PBXTargetDependency;
			target = D978B29C1D7AC56C00EC5301 /* i100 */;
			targetProxy = D978B2BD1D7AC56C00EC5301 /* PBXContainerItemProxy */;
		};
/* End PBXTargetDependency section */

/* Begin PBXVariantGroup section */
		D978B2A41D7AC56C00EC5301 /* Main.storyboard */ = {
			isa = PBXVariantGroup;
			children = (
				D978B2A51D7AC56C00EC5301 /* Base */,
			);
			name = Main.storyboard;
			sourceTree = "<group>";
		};
		D978B2A91D7AC56C00EC5301 /* LaunchScreen.storyboard */ = {
			isa = PBXVariantGroup;
			children = (
				D978B2AA1D7AC56C00EC5301 /* Base */,
			);
			name = LaunchScreen.storyboard;
			sourceTree = "<group>";
		};
/* End PBXVariantGroup section */

/* Begin XCBuildConfiguration section */
		D978B2C31D7AC56C00EC5301 /* Debug */ = {
			isa = XCBuildConfiguration;
			buildSettings = {
				ALWAYS_SEARCH_USER_PATHS = NO;
				CLANG_ANALYZER_NONNULL = YES;
				CLANG_CXX_LANGUAGE_STANDARD = "gnu++0x";
				CLANG_CXX_LIBRARY = "libc++";
				CLANG_ENABLE_MODULES = YES;
				CLANG_ENABLE_OBJC_ARC = YES;
				CLANG_WARN_BOOL_CONVERSION = YES;
				CLANG_WARN_CONSTANT_CONVERSION = YES;
				CLANG_WARN_DIRECT_OBJC_ISA_USAGE = YES_ERROR;
				CLANG_WARN_DOCUMENTATION_COMMENTS = YES;
				CLANG_WARN_EMPTY_BODY = YES;
				CLANG_WARN_ENUM_CONVERSION = YES;
				CLANG_WARN_INFINITE_RECURSION = YES;
				CLANG_WARN_INT_CONVERSION = YES;
				CLANG_WARN_OBJC_ROOT_CLASS = YES_ERROR;
				CLANG_WARN_SUSPICIOUS_MOVES = YES;
				CLANG_WARN_UNREACHABLE_CODE = YES;
				CLANG_WARN__DUPLICATE_METHOD_MATCH = YES;
				"CODE_SIGN_IDENTITY[sdk=iphoneos*]" = "iPhone Developer";
				COPY_PHASE_STRIP = NO;
				DEBUG_INFORMATION_FORMAT = dwarf;
				ENABLE_STRICT_OBJC_MSGSEND = YES;
				ENABLE_TESTABILITY = YES;
				GCC_C_LANGUAGE_STANDARD = gnu99;
				GCC_DYNAMIC_NO_PIC = NO;
				GCC_NO_COMMON_BLOCKS = YES;
				GCC_OPTIMIZATION_LEVEL = 0;
				GCC_PREPROCESSOR_DEFINITIONS = (
					"DEBUG=1",
					"$(inherited)",
				);
				GCC_WARN_64_TO_32_BIT_CONVERSION = YES;
				GCC_WARN_ABOUT_RETURN_TYPE = YES_ERROR;
				GCC_WARN_UNDECLARED_SELECTOR = YES;
				GCC_WARN_UNINITIALIZED_AUTOS = YES_AGGRESSIVE;
				GCC_WARN_UNUSED_FUNCTION = YES;
				GCC_WARN_UNUSED_VARIABLE = YES;
				IPHONEOS_DEPLOYMENT_TARGET = 10.0;
				MTL_ENABLE_DEBUG_INFO = YES;
				ONLY_ACTIVE_ARCH = YES;
				SDKROOT = iphoneos;
				SWIFT_ACTIVE_COMPILATION_CONDITIONS = DEBUG;
				SWIFT_OPTIMIZATION_LEVEL = "-Onone";
			};
			name = Debug;
		};
		D978B2C41D7AC56C00EC5301 /* Release */ = {
			isa = XCBuildConfiguration;
			buildSettings = {
				ALWAYS_SEARCH_USER_PATHS = NO;
				CLANG_ANALYZER_NONNULL = YES;
				CLANG_CXX_LANGUAGE_STANDARD = "gnu++0x";
				CLANG_CXX_LIBRARY = "libc++";
				CLANG_ENABLE_MODULES = YES;
				CLANG_ENABLE_OBJC_ARC = YES;
				CLANG_WARN_BOOL_CONVERSION = YES;
				CLANG_WARN_CONSTANT_CONVERSION = YES;
				CLANG_WARN_DIRECT_OBJC_ISA_USAGE = YES_ERROR;
				CLANG_WARN_DOCUMENTATION_COMMENTS = YES;
				CLANG_WARN_EMPTY_BODY = YES;
				CLANG_WARN_ENUM_CONVERSION = YES;
				CLANG_WARN_INFINITE_RECURSION = YES;
				CLANG_WARN_INT_CONVERSION = YES;
				CLANG_WARN_OBJC_ROOT_CLASS = YES_ERROR;
				CLANG_WARN_SUSPICIOUS_MOVES = YES;
				CLANG_WARN_UNREACHABLE_CODE = YES;
				CLANG_WARN__DUPLICATE_METHOD_MATCH = YES;
				"CODE_SIGN_IDENTITY[sdk=iphoneos*]" = "iPhone Developer";
				COPY_PHASE_STRIP = NO;
				DEBUG_INFORMATION_FORMAT = "dwarf-with-dsym";
				ENABLE_NS_ASSERTIONS = NO;
				ENABLE_STRICT_OBJC_MSGSEND = YES;
				GCC_C_LANGUAGE_STANDARD = gnu99;
				GCC_NO_COMMON_BLOCKS = YES;
				GCC_WARN_64_TO_32_BIT_CONVERSION = YES;
				GCC_WARN_ABOUT_RETURN_TYPE = YES_ERROR;
				GCC_WARN_UNDECLARED_SELECTOR = YES;
				GCC_WARN_UNINITIALIZED_AUTOS = YES_AGGRESSIVE;
				GCC_WARN_UNUSED_FUNCTION = YES;
				GCC_WARN_UNUSED_VARIABLE = YES;
				IPHONEOS_DEPLOYMENT_TARGET = 10.0;
				MTL_ENABLE_DEBUG_INFO = NO;
				SDKROOT = iphoneos;
				SWIFT_OPTIMIZATION_LEVEL = "-Owholemodule";
				VALIDATE_PRODUCT = YES;
			};
			name = Release;
		};
		D978B2C61D7AC56C00EC5301 /* Debug */ = {
			isa = XCBuildConfiguration;
			buildSettings = {
				ASSETCATALOG_COMPILER_APPICON_NAME = AppIcon;
				DEVELOPMENT_TEAM = GK5S624D99;
				INFOPLIST_FILE = i100/Info.plist;
				LD_RUNPATH_SEARCH_PATHS = "$(inherited) @executable_path/Frameworks";
				PRODUCT_BUNDLE_IDENTIFIER = com.alessioroberto.i100;
				PRODUCT_NAME = "$(TARGET_NAME)";
				SWIFT_VERSION = 3.0;
			};
			name = Debug;
		};
		D978B2C71D7AC56C00EC5301 /* Release */ = {
			isa = XCBuildConfiguration;
			buildSettings = {
				ASSETCATALOG_COMPILER_APPICON_NAME = AppIcon;
				DEVELOPMENT_TEAM = GK5S624D99;
				INFOPLIST_FILE = i100/Info.plist;
				LD_RUNPATH_SEARCH_PATHS = "$(inherited) @executable_path/Frameworks";
				PRODUCT_BUNDLE_IDENTIFIER = com.alessioroberto.i100;
				PRODUCT_NAME = "$(TARGET_NAME)";
				SWIFT_VERSION = 3.0;
			};
			name = Release;
		};
		D978B2C91D7AC56C00EC5301 /* Debug */ = {
			isa = XCBuildConfiguration;
			buildSettings = {
				BUNDLE_LOADER = "$(TEST_HOST)";
				DEVELOPMENT_TEAM = GK5S624D99;
				INFOPLIST_FILE = i100Tests/Info.plist;
				LD_RUNPATH_SEARCH_PATHS = "$(inherited) @executable_path/Frameworks @loader_path/Frameworks";
				PRODUCT_BUNDLE_IDENTIFIER = com.alessioroberto.i100Tests;
				PRODUCT_NAME = "$(TARGET_NAME)";
				SWIFT_VERSION = 3.0;
				TEST_HOST = "$(BUILT_PRODUCTS_DIR)/i100.app/i100";
			};
			name = Debug;
		};
		D978B2CA1D7AC56C00EC5301 /* Release */ = {
			isa = XCBuildConfiguration;
			buildSettings = {
				BUNDLE_LOADER = "$(TEST_HOST)";
				DEVELOPMENT_TEAM = GK5S624D99;
				INFOPLIST_FILE = i100Tests/Info.plist;
				LD_RUNPATH_SEARCH_PATHS = "$(inherited) @executable_path/Frameworks @loader_path/Frameworks";
				PRODUCT_BUNDLE_IDENTIFIER = com.alessioroberto.i100Tests;
				PRODUCT_NAME = "$(TARGET_NAME)";
				SWIFT_VERSION = 3.0;
				TEST_HOST = "$(BUILT_PRODUCTS_DIR)/i100.app/i100";
			};
			name = Release;
		};
		D978B2CC1D7AC56C00EC5301 /* Debug */ = {
			isa = XCBuildConfiguration;
			buildSettings = {
				DEVELOPMENT_TEAM = GK5S624D99;
				INFOPLIST_FILE = i100UITests/Info.plist;
				LD_RUNPATH_SEARCH_PATHS = "$(inherited) @executable_path/Frameworks @loader_path/Frameworks";
				PRODUCT_BUNDLE_IDENTIFIER = com.alessioroberto.i100UITests;
				PRODUCT_NAME = "$(TARGET_NAME)";
				SWIFT_VERSION = 3.0;
				TEST_TARGET_NAME = i100;
			};
			name = Debug;
		};
		D978B2CD1D7AC56C00EC5301 /* Release */ = {
			isa = XCBuildConfiguration;
			buildSettings = {
				DEVELOPMENT_TEAM = GK5S624D99;
				INFOPLIST_FILE = i100UITests/Info.plist;
				LD_RUNPATH_SEARCH_PATHS = "$(inherited) @executable_path/Frameworks @loader_path/Frameworks";
				PRODUCT_BUNDLE_IDENTIFIER = com.alessioroberto.i100UITests;
				PRODUCT_NAME = "$(TARGET_NAME)";
				SWIFT_VERSION = 3.0;
				TEST_TARGET_NAME = i100;
			};
			name = Release;
		};
/* End XCBuildConfiguration section */

/* Begin XCConfigurationList section */
		D978B2981D7AC56C00EC5301 /* Build configuration list for PBXProject "i100" */ = {
			isa = XCConfigurationList;
			buildConfigurations = (
				D978B2C31D7AC56C00EC5301 /* Debug */,
				D978B2C41D7AC56C00EC5301 /* Release */,
			);
			defaultConfigurationIsVisible = 0;
			defaultConfigurationName = Release;
		};
		D978B2C51D7AC56C00EC5301 /* Build configuration list for PBXNativeTarget "i100" */ = {
			isa = XCConfigurationList;
			buildConfigurations = (
				D978B2C61D7AC56C00EC5301 /* Debug */,
				D978B2C71D7AC56C00EC5301 /* Release */,
			);
			defaultConfigurationIsVisible = 0;
		};
		D978B2C81D7AC56C00EC5301 /* Build configuration list for PBXNativeTarget "i100Tests" */ = {
			isa = XCConfigurationList;
			buildConfigurations = (
				D978B2C91D7AC56C00EC5301 /* Debug */,
				D978B2CA1D7AC56C00EC5301 /* Release */,
			);
			defaultConfigurationIsVisible = 0;
		};
		D978B2CB1D7AC56C00EC5301 /* Build configuration list for PBXNativeTarget "i100UITests" */ = {
			isa = XCConfigurationList;
			buildConfigurations = (
				D978B2CC1D7AC56C00EC5301 /* Debug */,
				D978B2CD1D7AC56C00EC5301 /* Release */,
			);
			defaultConfigurationIsVisible = 0;
		};
/* End XCConfigurationList section */
	};
	rootObject = D978B2951D7AC56C00EC5301 /* Project object */;
}
